PODS:
  - AFNetworking (2.6.3):
    - AFNetworking/NSURLConnection (= 2.6.3)
    - AFNetworking/NSURLSession (= 2.6.3)
    - AFNetworking/Reachability (= 2.6.3)
    - AFNetworking/Security (= 2.6.3)
    - AFNetworking/Serialization (= 2.6.3)
    - AFNetworking/UIKit (= 2.6.3)
  - AFNetworking/NSURLConnection (2.6.3):
    - AFNetworking/Reachability
    - AFNetworking/Security
    - AFNetworking/Serialization
  - AFNetworking/NSURLSession (2.6.3):
    - AFNetworking/Reachability
    - AFNetworking/Security
    - AFNetworking/Serialization
  - AFNetworking/Reachability (2.6.3)
  - AFNetworking/Security (2.6.3)
  - AFNetworking/Serialization (2.6.3)
  - AFNetworking/UIKit (2.6.3):
    - AFNetworking/NSURLConnection
    - AFNetworking/NSURLSession
  - ReachabilitySwift (2.1)
  - SwiftLoader (0.2.5)

DEPENDENCIES:
  - AFNetworking (~> 2.x)
  - ReachabilitySwift (from `https://github.com/ashleymills/Reachability.swift`)
  - SwiftLoader (~> 0.x)

EXTERNAL SOURCES:
  ReachabilitySwift:
    :git: https://github.com/ashleymills/Reachability.swift

CHECKOUT OPTIONS:
  ReachabilitySwift:
    :commit: 79db5bad2de77c5c5cb4718e1c793bc461f7b3e2
    :git: https://github.com/ashleymills/Reachability.swift

SPEC CHECKSUMS:
  AFNetworking: cb8d14a848e831097108418f5d49217339d4eb60
  ReachabilitySwift: 6a9167003197e618a4430ee43d79918fae1fcc8c
  SwiftLoader: 12d7a6f661f5e9a2c9a72003e7dd6162f4ff0cc4

COCOAPODS: 0.39.0
